
Microsoft Visual Studio Solution File, Format Version 12.00
# Visual Studio 15
VisualStudioVersion = 15.0.27703.2026
MinimumVisualStudioVersion = 10.0.40219.1
Project("{FAE04EC0-301F-11D3-BF4B-00C04F79EFBC}") = "Proj.Domain", "Proj.Domain\Proj.Domain.csproj", "{808A8DD6-1D35-4C21-886C-0E3E06488A1B}"
EndProject
Project("{FAE04EC0-301F-11D3-BF4B-00C04F79EFBC}") = "Proj.FormUI", "Proj.FormUI\Proj.FormUI.csproj", "{A71F5CFD-E06D-4946-8EA6-1C107C33D6F7}"
EndProject
Global
	GlobalSection(SolutionConfigurationPlatforms) = preSolution
		Debug|Any CPU = Debug|Any CPU
		Release|Any CPU = Release|Any CPU
	EndGlobalSection
	GlobalSection(ProjectConfigurationPlatforms) = postSolution
		{808A8DD6-1D35-4C21-886C-0E3E06488A1B}.Debug|Any CPU.ActiveCfg = Debug|Any CPU
		{808A8DD6-1D35-4C21-886C-0E3E06488A1B}.Debug|Any CPU.Build.0 = Debug|Any CPU
		{808A8DD6-1D35-4C21-886C-0E3E06488A1B}.Release|Any CPU.ActiveCfg = Release|Any CPU
		{808A8DD6-1D35-4C21-886C-0E3E06488A1B}.Release|Any CPU.Build.0 = Release|Any CPU
		{A71F5CFD-E06D-4946-8EA6-1C107C33D6F7}.Debug|Any CPU.ActiveCfg = Debug|Any CPU
		{A71F5CFD-E06D-4946-8EA6-1C107C33D6F7}.Debug|Any CPU.Build.0 = Debug|Any CPU
		{A71F5CFD-E06D-4946-8EA6-1C107C33D6F7}.Release|Any CPU.ActiveCfg = Release|Any CPU
		{A71F5CFD-E06D-4946-8EA6-1C107C33D6F7}.Release|Any CPU.Build.0 = Release|Any CPU
	EndGlobalSection
	GlobalSection(SolutionProperties) = preSolution
		HideSolutionNode = FALSE
	EndGlobalSection
	GlobalSection(ExtensibilityGlobals) = postSolution
		SolutionGuid = {AD1C849F-3C46-4D31-B3C1-32AAB1330F78}
	EndGlobalSection
EndGlobal
